
Microsoft Visual Studio Solution File, Format Version 12.00
# Visual Studio Version 17
VisualStudioVersion = 17.7.34009.444
MinimumVisualStudioVersion = 10.0.40219.1
Project("{9A19103F-16F7-4668-BE54-9A1E7A4F7556}") = "StudentsRegistration", "StudentsRegistration\StudentsRegistration.csproj", "{2C98E9B2-5CDC-457A-AEB0-E36561C85C57}"
EndProject
Project("{2150E333-8FDC-42A3-9474-1A3956D46DE8}") = "Linq", "Linq", "{78A67D38-70CD-48E4-901F-EDAADDC682DA}"
	ProjectSection(SolutionItems) = preProject
		Readme.md = Readme.md
	EndProjectSection
EndProject
Project("{9A19103F-16F7-4668-BE54-9A1E7A4F7556}") = "Linq", "Linq\Linq\Linq.csproj", "{0709FF39-B764-4236-A93B-B9FAB8434911}"
EndProject
Project("{9A19103F-16F7-4668-BE54-9A1E7A4F7556}") = "Linq.Tests", "Linq\Linq.Tests\Linq.Tests.csproj", "{DF1622E1-7CC8-4A3F-89B4-2BFD57E2CBF9}"
EndProject
Project("{2150E333-8FDC-42A3-9474-1A3956D46DE8}") = "Winforms", "Winforms", "{57FB6508-3C60-4897-8A0F-D1D5B180FD73}"
EndProject
Global
	GlobalSection(SolutionConfigurationPlatforms) = preSolution
		Debug|Any CPU = Debug|Any CPU
		Release|Any CPU = Release|Any CPU
	EndGlobalSection
	GlobalSection(ProjectConfigurationPlatforms) = postSolution
		{2C98E9B2-5CDC-457A-AEB0-E36561C85C57}.Debug|Any CPU.ActiveCfg = Debug|Any CPU
		{2C98E9B2-5CDC-457A-AEB0-E36561C85C57}.Debug|Any CPU.Build.0 = Debug|Any CPU
		{2C98E9B2-5CDC-457A-AEB0-E36561C85C57}.Release|Any CPU.ActiveCfg = Release|Any CPU
		{2C98E9B2-5CDC-457A-AEB0-E36561C85C57}.Release|Any CPU.Build.0 = Release|Any CPU
		{0709FF39-B764-4236-A93B-B9FAB8434911}.Debug|Any CPU.ActiveCfg = Debug|Any CPU
		{0709FF39-B764-4236-A93B-B9FAB8434911}.Debug|Any CPU.Build.0 = Debug|Any CPU
		{0709FF39-B764-4236-A93B-B9FAB8434911}.Release|Any CPU.ActiveCfg = Release|Any CPU
		{0709FF39-B764-4236-A93B-B9FAB8434911}.Release|Any CPU.Build.0 = Release|Any CPU
		{DF1622E1-7CC8-4A3F-89B4-2BFD57E2CBF9}.Debug|Any CPU.ActiveCfg = Debug|Any CPU
		{DF1622E1-7CC8-4A3F-89B4-2BFD57E2CBF9}.Debug|Any CPU.Build.0 = Debug|Any CPU
		{DF1622E1-7CC8-4A3F-89B4-2BFD57E2CBF9}.Release|Any CPU.ActiveCfg = Release|Any CPU
		{DF1622E1-7CC8-4A3F-89B4-2BFD57E2CBF9}.Release|Any CPU.Build.0 = Release|Any CPU
	EndGlobalSection
	GlobalSection(SolutionProperties) = preSolution
		HideSolutionNode = FALSE
	EndGlobalSection
	GlobalSection(NestedProjects) = preSolution
		{2C98E9B2-5CDC-457A-AEB0-E36561C85C57} = {57FB6508-3C60-4897-8A0F-D1D5B180FD73}
		{0709FF39-B764-4236-A93B-B9FAB8434911} = {78A67D38-70CD-48E4-901F-EDAADDC682DA}
		{DF1622E1-7CC8-4A3F-89B4-2BFD57E2CBF9} = {78A67D38-70CD-48E4-901F-EDAADDC682DA}
	EndGlobalSection
	GlobalSection(ExtensibilityGlobals) = postSolution
		SolutionGuid = {F2F197AF-1E67-4873-8BD8-E45A925BCF36}
	EndGlobalSection
EndGlobal
